<?xml version="1.0" encoding="utf-8"?>
<Project ToolsVersion="4.0" xmlns="http://schemas.microsoft.com/developer/msbuild/2003">
  <ItemGroup>
    <Filter Include="Source Files">
      <UniqueIdentifier>{4FC737F1-C7A5-4376-A066-2A32D752A2FF}</UniqueIdentifier>
      <Extensions>cpp;c;cc;cxx;def;odl;idl;hpj;bat;asm;asmx</Extensions>
    </Filter>
    <Filter Include="Header Files">
      <UniqueIdentifier>{93995380-89BD-4b04-88EB-625FBE52EBFB}</UniqueIdentifier>
      <Extensions>h;hh;hpp;hxx;hm;inl;inc;xsd</Extensions>
    </Filter>
    <Filter Include="Resource Files">
      <UniqueIdentifier>{67DA6AB6-F800-4c08-8B7A-83BB121AAD01}</UniqueIdentifier>
      <Extensions>rc;ico;cur;bmp;dlg;rc2;rct;bin;rgs;gif;jpg;jpeg;jpe;resx;tiff;tif;png;wav;mfcribbon-ms</Extensions>
    </Filter>
    <Filter Include="SFML Libs">
      <UniqueIdentifier>{9228946e-f3d3-4607-8936-1431720c94d1}</UniqueIdentifier>
    </Filter>
  </ItemGroup>
  <ItemGroup>
    <ClCompile Include="main.cpp">
      <Filter>Source Files</Filter>
    </ClCompile>
    <ClCompile Include="Control.cpp">
      <Filter>Source Files</Filter>
    </ClCompile>
    <ClCompile Include="Piece.cpp">
      <Filter>Source Files</Filter>
    </ClCompile>
    <ClCompile Include="Board.cpp">
      <Filter>Source Files</Filter>
    </ClCompile>
  </ItemGroup>
  <ItemGroup>
    <Font Include="data\arial.ttf">
      <Filter>Resource Files</Filter>
    </Font>
  </ItemGroup>
  <ItemGroup>
    <ClInclude Include="Piece.h">
      <Filter>Header Files</Filter>
    </ClInclude>
    <ClInclude Include="Control.h">
      <Filter>Header Files</Filter>
    </ClInclude>
    <ClInclude Include="Board.h">
      <Filter>Header Files</Filter>
    </ClInclude>
  </ItemGroup>
  <ItemGroup>
    <Library Include="lib\flac.lib">
      <Filter>SFML Libs</Filter>
    </Library>
    <Library Include="lib\freetype.lib">
      <Filter>SFML Libs</Filter>
    </Library>
    <Library Include="lib\jpeg.lib">
      <Filter>SFML Libs</Filter>
    </Library>
    <Library Include="lib\ogg.lib">
      <Filter>SFML Libs</Filter>
    </Library>
    <Library Include="lib\sfml-audio.lib">
      <Filter>SFML Libs</Filter>
    </Library>
    <Library Include="lib\openal32.lib">
      <Filter>SFML Libs</Filter>
    </Library>
    <Library Include="lib\sfml-audio-s.lib">
      <Filter>SFML Libs</Filter>
    </Library>
    <Library Include="lib\sfml-audio-d.lib">
      <Filter>SFML Libs</Filter>
    </Library>
    <Library Include="lib\sfml-audio-s-d.lib">
      <Filter>SFML Libs</Filter>
    </Library>
    <Library Include="lib\sfml-graphics.lib">
      <Filter>SFML Libs</Filter>
    </Library>
    <Library Include="lib\sfml-graphics-s.lib">
      <Filter>SFML Libs</Filter>
    </Library>
    <Library Include="lib\sfml-graphics-d.lib">
      <Filter>SFML Libs</Filter>
    </Library>
    <Library Include="lib\sfml-graphics-s-d.lib">
      <Filter>SFML Libs</Filter>
    </Library>
    <Library Include="lib\sfml-main.lib">
      <Filter>SFML Libs</Filter>
    </Library>
    <Library Include="lib\sfml-main-d.lib">
      <Filter>SFML Libs</Filter>
    </Library>
    <Library Include="lib\sfml-network.lib">
      <Filter>SFML Libs</Filter>
    </Library>
    <Library Include="lib\sfml-network-d.lib">
      <Filter>SFML Libs</Filter>
    </Library>
    <Library Include="lib\sfml-network-s.lib">
      <Filter>SFML Libs</Filter>
    </Library>
    <Library Include="lib\sfml-network-s-d.lib">
      <Filter>SFML Libs</Filter>
    </Library>
    <Library Include="lib\sfml-system.lib">
      <Filter>SFML Libs</Filter>
    </Library>
    <Library Include="lib\sfml-system-s.lib">
      <Filter>SFML Libs</Filter>
    </Library>
    <Library Include="lib\sfml-system-d.lib">
      <Filter>SFML Libs</Filter>
    </Library>
    <Library Include="lib\sfml-system-s-d.lib">
      <Filter>SFML Libs</Filter>
    </Library>
    <Library Include="lib\sfml-window.lib">
      <Filter>SFML Libs</Filter>
    </Library>
    <Library Include="lib\sfml-window-d.lib">
      <Filter>SFML Libs</Filter>
    </Library>
    <Library Include="lib\sfml-window-s.lib">
      <Filter>SFML Libs</Filter>
    </Library>
    <Library Include="lib\sfml-window-s-d.lib">
      <Filter>SFML Libs</Filter>
    </Library>
    <Library Include="lib\vorbis.lib">
      <Filter>SFML Libs</Filter>
    </Library>
    <Library Include="lib\vorbisenc.lib">
      <Filter>SFML Libs</Filter>
    </Library>
    <Library Include="lib\vorbisfile.lib">
      <Filter>SFML Libs</Filter>
    </Library>
  </ItemGroup>
</Project>